PODS:
  - GLPhotoBrowser (1.0.0):
    - KVOController (= 1.2.0)
    - SDWebImage (= 3.8.2)
  - KVOController (1.2.0)
  - SDWebImage (3.8.2):
    - SDWebImage/Core (= 3.8.2)
  - SDWebImage/Core (3.8.2)

DEPENDENCIES:
  - GLPhotoBrowser (from `../`)

EXTERNAL SOURCES:
  GLPhotoBrowser:
    :path: "../"

SPEC CHECKSUMS:
  GLPhotoBrowser: eee5d2a072114dd8ba5d3b743df3f7d69aed8bf1
  KVOController: d72ace34afea42468329623b3379ab3cd1d286b6
  SDWebImage: 098e97e6176540799c27e804c96653ee0833d13c

PODFILE CHECKSUM: d8448838215be95df3a88a0df129719f21724f30

COCOAPODS: 1.1.1
