PODS:
  - GLPhotoBrowser (1.0.0):
    - GLPhotoBrowser/Model (= 1.0.0)
    - GLPhotoBrowser/View (= 1.0.0)
    - GLPhotoBrowser/ViewModel (= 1.0.0)
    - KVOController (= 1.2.0)
    - SDWebImage (= 3.8.2)
  - GLPhotoBrowser/Model (1.0.0):
    - KVOController (= 1.2.0)
    - SDWebImage (= 3.8.2)
  - GLPhotoBrowser/View (1.0.0):
    - KVOController (= 1.2.0)
    - SDWebImage (= 3.8.2)
  - GLPhotoBrowser/ViewModel (1.0.0):
    - KVOController (= 1.2.0)
    - SDWebImage (= 3.8.2)
  - KVOController (1.2.0)
  - SDWebImage (3.8.2):
    - SDWebImage/Core (= 3.8.2)
  - SDWebImage/Core (3.8.2)

DEPENDENCIES:
  - GLPhotoBrowser (from `../`)

EXTERNAL SOURCES:
  GLPhotoBrowser:
    :path: "../"

SPEC CHECKSUMS:
  GLPhotoBrowser: 63cc8888f04e68a2290c1b771f30dc60b8cefa2b
  KVOController: accfbac41571fa967baab1a0c3b72eb6902898a1
  SDWebImage: c0f05da80ad848542fb6ea8422621c74079bd5c5

COCOAPODS: 0.39.0
